
Microsoft Visual Studio Solution File, Format Version 12.00
# Visual Studio 2013
VisualStudioVersion = 12.0.21005.1
MinimumVisualStudioVersion = 10.0.40219.1
Project("{FAE04EC0-301F-11D3-BF4B-00C04F79EFBC}") = "DataFromRelatedTables", "EntityFrameworkPerformance\DataFromRelatedTables.csproj", "{8F3495F4-6893-4298-A33E-529609C5474F}"
EndProject
Project("{FAE04EC0-301F-11D3-BF4B-00C04F79EFBC}") = "PlayWithToList", "PlayWithToList\PlayWithToList.csproj", "{68B304D2-7766-4461-94EC-657CED6A7759}"
EndProject
Project("{FAE04EC0-301F-11D3-BF4B-00C04F79EFBC}") = "SelectColumns", "SelectColumns\SelectColumns.csproj", "{47386552-6E2D-488F-AC6B-3C8BC82B30EE}"
EndProject
Global
	GlobalSection(SolutionConfigurationPlatforms) = preSolution
		Debug|Any CPU = Debug|Any CPU
		Release|Any CPU = Release|Any CPU
	EndGlobalSection
	GlobalSection(ProjectConfigurationPlatforms) = postSolution
		{8F3495F4-6893-4298-A33E-529609C5474F}.Debug|Any CPU.ActiveCfg = Debug|Any CPU
		{8F3495F4-6893-4298-A33E-529609C5474F}.Debug|Any CPU.Build.0 = Debug|Any CPU
		{8F3495F4-6893-4298-A33E-529609C5474F}.Release|Any CPU.ActiveCfg = Release|Any CPU
		{8F3495F4-6893-4298-A33E-529609C5474F}.Release|Any CPU.Build.0 = Release|Any CPU
		{68B304D2-7766-4461-94EC-657CED6A7759}.Debug|Any CPU.ActiveCfg = Debug|Any CPU
		{68B304D2-7766-4461-94EC-657CED6A7759}.Debug|Any CPU.Build.0 = Debug|Any CPU
		{68B304D2-7766-4461-94EC-657CED6A7759}.Release|Any CPU.ActiveCfg = Release|Any CPU
		{68B304D2-7766-4461-94EC-657CED6A7759}.Release|Any CPU.Build.0 = Release|Any CPU
		{47386552-6E2D-488F-AC6B-3C8BC82B30EE}.Debug|Any CPU.ActiveCfg = Debug|Any CPU
		{47386552-6E2D-488F-AC6B-3C8BC82B30EE}.Debug|Any CPU.Build.0 = Debug|Any CPU
		{47386552-6E2D-488F-AC6B-3C8BC82B30EE}.Release|Any CPU.ActiveCfg = Release|Any CPU
		{47386552-6E2D-488F-AC6B-3C8BC82B30EE}.Release|Any CPU.Build.0 = Release|Any CPU
	EndGlobalSection
	GlobalSection(SolutionProperties) = preSolution
		HideSolutionNode = FALSE
	EndGlobalSection
EndGlobal
