
Microsoft Visual Studio Solution File, Format Version 12.00
# Visual Studio 2013
VisualStudioVersion = 12.0.21005.1
MinimumVisualStudioVersion = 10.0.40219.1
Project("{FAE04EC0-301F-11D3-BF4B-00C04F79EFBC}") = "News.Model", "News.Model\News.Model.csproj", "{139BA68E-A157-4670-8A77-2E6E20F806E4}"
EndProject
Project("{FAE04EC0-301F-11D3-BF4B-00C04F79EFBC}") = "News.Data", "News.Data\News.Data.csproj", "{3BAC4FC6-74CB-452C-9088-CA550232C55C}"
EndProject
Project("{FAE04EC0-301F-11D3-BF4B-00C04F79EFBC}") = "News.ConsoleClient", "News.ConsoleClient\News.ConsoleClient.csproj", "{47BED582-CA9A-4632-B023-0D07F7CAC29D}"
EndProject
Global
	GlobalSection(SolutionConfigurationPlatforms) = preSolution
		Debug|Any CPU = Debug|Any CPU
		Release|Any CPU = Release|Any CPU
	EndGlobalSection
	GlobalSection(ProjectConfigurationPlatforms) = postSolution
		{139BA68E-A157-4670-8A77-2E6E20F806E4}.Debug|Any CPU.ActiveCfg = Debug|Any CPU
		{139BA68E-A157-4670-8A77-2E6E20F806E4}.Debug|Any CPU.Build.0 = Debug|Any CPU
		{139BA68E-A157-4670-8A77-2E6E20F806E4}.Release|Any CPU.ActiveCfg = Release|Any CPU
		{139BA68E-A157-4670-8A77-2E6E20F806E4}.Release|Any CPU.Build.0 = Release|Any CPU
		{3BAC4FC6-74CB-452C-9088-CA550232C55C}.Debug|Any CPU.ActiveCfg = Debug|Any CPU
		{3BAC4FC6-74CB-452C-9088-CA550232C55C}.Debug|Any CPU.Build.0 = Debug|Any CPU
		{3BAC4FC6-74CB-452C-9088-CA550232C55C}.Release|Any CPU.ActiveCfg = Release|Any CPU
		{3BAC4FC6-74CB-452C-9088-CA550232C55C}.Release|Any CPU.Build.0 = Release|Any CPU
		{47BED582-CA9A-4632-B023-0D07F7CAC29D}.Debug|Any CPU.ActiveCfg = Debug|Any CPU
		{47BED582-CA9A-4632-B023-0D07F7CAC29D}.Debug|Any CPU.Build.0 = Debug|Any CPU
		{47BED582-CA9A-4632-B023-0D07F7CAC29D}.Release|Any CPU.ActiveCfg = Release|Any CPU
		{47BED582-CA9A-4632-B023-0D07F7CAC29D}.Release|Any CPU.Build.0 = Release|Any CPU
	EndGlobalSection
	GlobalSection(SolutionProperties) = preSolution
		HideSolutionNode = FALSE
	EndGlobalSection
EndGlobal
